{
  "nodes": {
    "home-manager": {
      "inputs": {
        "nixpkgs": [
          "nixpkgs"
        ]
      },
      "locked": {
        "lastModified": 1742588233,
        "narHash": "sha256-Fi5g8H5FXMSRqy+mU6gPG0v+C9pzjYbkkiePtz8+PpA=",
        "owner": "nix-community",
        "repo": "home-manager",
        "rev": "296ddc64627f4a6a4eb447852d7346b9dd16197d",
        "type": "github"
      },
      "original": {
        "owner": "nix-community",
        "ref": "master",
        "repo": "home-manager",
        "type": "github"
      }
    },
    "nix-darwin": {
      "inputs": {
        "nixpkgs": [
          "nixpkgs"
        ]
      },
      "locked": {
        "lastModified": 1742595055,
        "narHash": "sha256-cEetDber6LF8W4ThmRc4rwKs/o8y2GH0pUdX7e6CnAQ=",
        "owner": "LnL7",
        "repo": "nix-darwin",
        "rev": "e9f41de2a81f04390afd106959adf352a207628f",
        "type": "github"
      },
      "original": {
        "owner": "LnL7",
        "repo": "nix-darwin",
        "type": "github"
      }
    },
    "nixpkgs": {
      "locked": {
        "lastModified": 1742640276,
        "narHash": "sha256-ivnPC+xT8CeOHzot3g4jr629eH7lUwhQVLaaCh7LHZo=",
        "owner": "NixOS",
        "repo": "nixpkgs",
        "rev": "626bf04b31748b5114e697945da8059b34d32798",
        "type": "github"
      },
      "original": {
        "owner": "NixOS",
        "ref": "master",
        "repo": "nixpkgs",
        "type": "github"
      }
    },
    "root": {
      "inputs": {
        "home-manager": "home-manager",
        "nix-darwin": "nix-darwin",
        "nixpkgs": "nixpkgs"
      }
    }
  },
  "root": "root",
  "version": 7
}
